{
  "nodes": {
    "nixpkgs": {
      "locked": {
        "lastModified": 1742001154,
        "narHash": "sha256-1VOZUygNreJQGljffK4kVhGzAoaV4/F5uYa7ZJKh5cg=",
        "ref": "ms/nixos-24.11",
        "rev": "27e4b9c5132179085fef24cd96868e4bdae58807",
        "revCount": 710167,
        "type": "git",
        "url": "http://nix@stashblue.ms.com:11990/atlassian-stash/scm/nix_nixpkgs/nixpkgs.git"
      },
      "original": {
        "ref": "ms/nixos-24.11",
        "type": "git",
        "url": "http://nix@stashblue.ms.com:11990/atlassian-stash/scm/nix_nixpkgs/nixpkgs.git"
      }
    },
    "root": {
      "inputs": {
        "nixpkgs": "nixpkgs"
      }
    }
  },
  "root": "root",
  "version": 7
}
