{
  "nodes": {
    "nixpkgs": {
      "locked": {
        "lastModified": 0,
        "narHash": "sha256-o/9n0U1+sTmYdRau05xEm/hKf3hfllyuB7mKpvWaoBM=",
        "path": "/nix/store/80ggmyxmpsbp3lf4m0adl09apr3015xj-source",
        "type": "path"
      },
      "original": {
        "id": "nixpkgs",
        "type": "indirect"
      }
    },
    "root": {
      "inputs": {
        "nixpkgs": "nixpkgs"
      }
    }
  },
  "root": "root",
  "version": 7
}
