{
  "nodes": {
    "nixpkgs": {
      "locked": {
        "lastModified": 1744271591,
        "narHash": "sha256-I2YXxvRSXEsk1tX3nIfbW1O9qwXIIDwoSPlrrygItHY=",
        "ref": "ms/nixos-24.11",
        "rev": "cb1f10ac9abc58887e34a3f052c2235bd00bbc8a",
        "revCount": 710173,
        "type": "git",
        "url": "http://nix@stashblue.ms.com:11990/atlassian-stash/scm/nix_nixpkgs/nixpkgs.git"
      },
      "original": {
        "ref": "ms/nixos-24.11",
        "type": "git",
        "url": "http://nix@stashblue.ms.com:11990/atlassian-stash/scm/nix_nixpkgs/nixpkgs.git"
      }
    },
    "root": {
      "inputs": {
        "nixpkgs": "nixpkgs"
      }
    }
  },
  "root": "root",
  "version": 7
}
